# This file is generated by cppfront. Do not edit.
format = 1

[[module]]
path = "example.com/go2-module-app"
version = "workspace"
source = "workspace"
manifest = "go2.mod"
fingerprint = "fnv1a64:385457d270c08cc4"

[[module]]
path = "example.com/go2-math"
version = "v1.1.0"
source = "replace:../math"
manifest = "../math/go2.mod"
fingerprint = "fnv1a64:c5f62ac951b10783"

[[module]]
path = "example.com/go2-metrics"
version = "v0.5.0"
source = "replace:../metrics"
manifest = "../metrics/go2.mod"
fingerprint = "fnv1a64:09b3d11ee132be54"

[[module]]
path = "example.com/go2-numbers"
version = "v1.2.0"
source = "replace:../numbers"
manifest = "../numbers/go2.mod"
fingerprint = "fnv1a64:6dd2d7a2c756a24d"

[[module]]
path = "example.com/go2-shapes"
version = "v1.0.0"
source = "replace:../shapes"
manifest = "../shapes/go2.mod"
fingerprint = "fnv1a64:e95f211d0feec61b"
