# This file is generated by cppfront. Do not edit.
format = 1

[[module]]
path = "example.com/go2-manifest-app"
version = "workspace"
source = "workspace"
manifest = "go2.mod"
fingerprint = "fnv1a64:55f72b2cb619d2a3"

[[module]]
path = "example.com/go2-manifest-lib"
version = "v0.1.0"
source = "replace:../lib"
manifest = "../lib/go2.mod"
fingerprint = "fnv1a64:5913f973bd348f7e"
