# This file is generated by cppfront. Do not edit.
format = 1

[[module]]
path = "example.com/go2-vendor-app"
version = "workspace"
source = "workspace"
manifest = "go2.mod"
fingerprint = "fnv1a64:942d170aa3bb315e"

[[module]]
path = "example.com/go2-vendor-lib"
version = "v0.1.0"
source = "vendor"
manifest = "vendor/example.com/go2-vendor-lib/go2.mod"
fingerprint = "fnv1a64:44af7fb65b534aca"
